# This file is generated by running "yarn install" inside your project.
# Manual changes might be lost - proceed with caution!

__metadata:
  version: 6
  cacheKey: 8

"@types/body-parser@npm:*":
  version: 1.19.5
  resolution: "@types/body-parser@npm:1.19.5"
  dependencies:
    "@types/connect": "*"
    "@types/node": "*"
  checksum: 1e251118c4b2f61029cc43b0dc028495f2d1957fe8ee49a707fb940f86a9bd2f9754230805598278fe99958b49e9b7e66eec8ef6a50ab5c1f6b93e1ba2aaba82
  languageName: node
  linkType: hard

"@types/connect@npm:*":
  version: 3.4.38
  resolution: "@types/connect@npm:3.4.38"
  dependencies:
    "@types/node": "*"
  checksum: 7eb1bc5342a9604facd57598a6c62621e244822442976c443efb84ff745246b10d06e8b309b6e80130026a396f19bf6793b7cecd7380169f369dac3bfc46fb99
  languageName: node
  linkType: hard

"@types/express-serve-static-core@npm:^5.0.0":
  version: 5.0.6
  resolution: "@types/express-serve-static-core@npm:5.0.6"
  dependencies:
    "@types/node": "*"
    "@types/qs": "*"
    "@types/range-parser": "*"
    "@types/send": "*"
  checksum: bc3ea44923da7d1ffaa29eff7cc41a2b05f7340e8879fe9ee40717859937d73bcd635fcc0f8232f66af942624cc48bff42971e9e2c4075db6afe478534245855
  languageName: node
  linkType: hard

"@types/express@npm:*":
  version: 5.0.0
  resolution: "@types/express@npm:5.0.0"
  dependencies:
    "@types/body-parser": "*"
    "@types/express-serve-static-core": ^5.0.0
    "@types/qs": "*"
    "@types/serve-static": "*"
  checksum: ef68d8e2b7593c930093b1e79bf4df15413773508c9acd6a1a933ed7017f2a4892a8d128b2222d7eab9a3fa43181067a378c2600d9258bd7ae917f170e962df4
  languageName: node
  linkType: hard

"@types/http-errors@npm:*":
  version: 2.0.4
  resolution: "@types/http-errors@npm:2.0.4"
  checksum: 1f3d7c3b32c7524811a45690881736b3ef741bf9849ae03d32ad1ab7062608454b150a4e7f1351f83d26a418b2d65af9bdc06198f1c079d75578282884c4e8e3
  languageName: node
  linkType: hard

"@types/mime@npm:^1":
  version: 1.3.5
  resolution: "@types/mime@npm:1.3.5"
  checksum: e29a5f9c4776f5229d84e525b7cd7dd960b51c30a0fb9a028c0821790b82fca9f672dab56561e2acd9e8eed51d431bde52eafdfef30f643586c4162f1aecfc78
  languageName: node
  linkType: hard

"@types/node@npm:*":
  version: 22.13.10
  resolution: "@types/node@npm:22.13.10"
  dependencies:
    undici-types: ~6.20.0
  checksum: 1cd6b899df728732c60c0defad63e26ca18d87a3b81bd75666fe9aed6cdf9e488433976b22ffcabfdeef9d351cf8ff94853b0686e6708ef62065482ccf5b0a6e
  languageName: node
  linkType: hard

"@types/passport-strategy@npm:^0.2.38":
  version: 0.2.38
  resolution: "@types/passport-strategy@npm:0.2.38"
  dependencies:
    "@types/express": "*"
    "@types/passport": "*"
  checksum: b580e165182b137a6e57b6b7511904e6c875a5e372f08679ec54f456dc5c2a72d86f23d9373a52d8286b207fe8240946686f9e3d50b0bc1b4f7316f336a06fa2
  languageName: node
  linkType: hard

"@types/passport@npm:*":
  version: 1.0.17
  resolution: "@types/passport@npm:1.0.17"
  dependencies:
    "@types/express": "*"
  checksum: b131d5963576e759f972f038bb7461dcaaa1dc484a488eb093eac6a9f8d4f51c9b7adcd432ae84e3ecb68839dfba16f6d569f36664330b6af59d36ff3c4c64e2
  languageName: node
  linkType: hard

"@types/qs@npm:*":
  version: 6.9.18
  resolution: "@types/qs@npm:6.9.18"
  checksum: 152fab96efd819cc82ae67c39f089df415da6deddb48f1680edaaaa4e86a2a597de7b2ff0ad391df66d11a07006a08d52c9405e86b8cb8f3d5ba15881fe56cc7
  languageName: node
  linkType: hard

"@types/range-parser@npm:*":
  version: 1.2.7
  resolution: "@types/range-parser@npm:1.2.7"
  checksum: 95640233b689dfbd85b8c6ee268812a732cf36d5affead89e806fe30da9a430767af8ef2cd661024fd97e19d61f3dec75af2df5e80ec3bea000019ab7028629a
  languageName: node
  linkType: hard

"@types/send@npm:*":
  version: 0.17.4
  resolution: "@types/send@npm:0.17.4"
  dependencies:
    "@types/mime": ^1
    "@types/node": "*"
  checksum: cf4db48251bbb03cd6452b4de6e8e09e2d75390a92fd798eca4a803df06444adc94ed050246c94c7ed46fb97be1f63607f0e1f13c3ce83d71788b3e08640e5e0
  languageName: node
  linkType: hard

"@types/serve-static@npm:*":
  version: 1.15.7
  resolution: "@types/serve-static@npm:1.15.7"
  dependencies:
    "@types/http-errors": "*"
    "@types/node": "*"
    "@types/send": "*"
  checksum: bbbf00dbd84719da2250a462270dc68964006e8d62f41fe3741abd94504ba3688f420a49afb2b7478921a1544d3793183ffa097c5724167da777f4e0c7f1a7d6
  languageName: node
  linkType: hard

"passport-strategy@npm:^1.0.0":
  version: 1.0.0
  resolution: "passport-strategy@npm:1.0.0"
  checksum: 5086693f2508e538dffa55a338c89fe8192fb5f4478c71f80cd5890b8573419a098f4fec88b505374f60bbe9049f6f24b9f3992678612528a3370b4dc73354a2
  languageName: node
  linkType: hard

"passport-supermetrics@workspace:.":
  version: 0.0.0-use.local
  resolution: "passport-supermetrics@workspace:."
  dependencies:
    "@types/passport-strategy": ^0.2.38
    passport-strategy: ^1.0.0
    tsc: ^2.0.4
    typescript: ^5.8.2
  languageName: unknown
  linkType: soft

"tsc@npm:^2.0.4":
  version: 2.0.4
  resolution: "tsc@npm:2.0.4"
  bin:
    tsc: bin/tsc
  checksum: 50b10240887424c66454687f0fca4e319713b35cb44f0dab228719eb4dd757251f83c3d79e60d29dfbe90c2d6f1272f793b83e75a9fca2c622b4213ad3eb8cb1
  languageName: node
  linkType: hard

"typescript@npm:^5.8.2":
  version: 5.8.2
  resolution: "typescript@npm:5.8.2"
  bin:
    tsc: bin/tsc
    tsserver: bin/tsserver
  checksum: 7f9e3d7ac15da6df713e439e785e51facd65d6450d5f51fab3e8d2f2e3f4eb317080d895480b8e305450cdbcb37e17383e8bf521e7395f8b556e2f2a4730ed86
  languageName: node
  linkType: hard

"typescript@patch:typescript@^5.8.2#~builtin<compat/typescript>":
  version: 5.8.2
  resolution: "typescript@patch:typescript@npm%3A5.8.2#~builtin<compat/typescript>::version=5.8.2&hash=5da071"
  bin:
    tsc: bin/tsc
    tsserver: bin/tsserver
  checksum: a58d19ff9811c1764a299dd83ca20ed8020f0ab642906dafc880121b710751227201531fdc99878158205c356ac79679b0b61ac5b42eda0e28bfb180947a258d
  languageName: node
  linkType: hard

"undici-types@npm:~6.20.0":
  version: 6.20.0
  resolution: "undici-types@npm:6.20.0"
  checksum: b7bc50f012dc6afbcce56c9fd62d7e86b20a62ff21f12b7b5cbf1973b9578d90f22a9c7fe50e638e96905d33893bf2f9f16d98929c4673c2480de05c6c96ea8b
  languageName: node
  linkType: hard
